{
  "name": "published",
  "version": "1.0.0",
  "lockfileVersion": 3,
  "requires": true,
  "packages": {
    "": {
      "name": "published",
      "version": "1.0.0",
      "license": "ISC",
      "dependencies": {
        "@alberteinshutoin/lazy-image": "1.4.3"
      }
    },
    "node_modules/@alberteinshutoin/lazy-image": {
      "version": "1.4.3",
      "resolved": "https://registry.npmjs.org/@alberteinshutoin/lazy-image/-/lazy-image-1.4.3.tgz",
      "integrity": "sha512-KgMuYsItSOkUhW+6YIJClmE+ttQXZPE2JKUCcdrbp4BlcYtYbSGJnardzSGVFSXopWH+K//R+23eS5zuYsvLFw==",
      "license": "MIT",
      "workspaces": [
        "packages/lazy-image-wasm"
      ],
      "bin": {
        "lazy-image": "bin/lazy-image.js"
      },
      "engines": {
        "node": ">= 22"
      },
      "optionalDependencies": {
        "@alberteinshutoin/lazy-image-darwin-arm64": "1.4.3",
        "@alberteinshutoin/lazy-image-darwin-x64": "1.4.3",
        "@alberteinshutoin/lazy-image-linux-arm64-gnu": "1.4.3",
        "@alberteinshutoin/lazy-image-linux-x64-gnu": "1.4.3",
        "@alberteinshutoin/lazy-image-linux-x64-musl": "1.4.3",
        "@alberteinshutoin/lazy-image-win32-x64-msvc": "1.4.3"
      }
    },
    "node_modules/@alberteinshutoin/lazy-image-darwin-arm64": {
      "version": "1.4.3",
      "resolved": "https://registry.npmjs.org/@alberteinshutoin/lazy-image-darwin-arm64/-/lazy-image-darwin-arm64-1.4.3.tgz",
      "integrity": "sha512-UxlHaSq9eczHzeJHWO8OU4CI1rz/DDJ5eXtlxA0Zg/Dc5hwDzZvejG8gvyjBJLqrBcninH56+uC1cpmSXiVIjA==",
      "cpu": [
        "arm64"
      ],
      "license": "MIT",
      "optional": true,
      "os": [
        "darwin"
      ],
      "engines": {
        "node": ">= 22"
      }
    },
    "node_modules/@alberteinshutoin/lazy-image-darwin-x64": {
      "version": "1.4.3",
      "resolved": "https://registry.npmjs.org/@alberteinshutoin/lazy-image-darwin-x64/-/lazy-image-darwin-x64-1.4.3.tgz",
      "integrity": "sha512-D3/8fHJLASRL8NzOfAKWOyK5o25cqv0egiGwsaJhaMA/0cG0lvq7yEDNIM0aYqSf3Wj0EvjPoVhyfEIDCvhIYA==",
      "cpu": [
        "x64"
      ],
      "license": "MIT",
      "optional": true,
      "os": [
        "darwin"
      ],
      "engines": {
        "node": ">= 22"
      }
    },
    "node_modules/@alberteinshutoin/lazy-image-linux-arm64-gnu": {
      "version": "1.4.3",
      "resolved": "https://registry.npmjs.org/@alberteinshutoin/lazy-image-linux-arm64-gnu/-/lazy-image-linux-arm64-gnu-1.4.3.tgz",
      "integrity": "sha512-G5zgQ1Xql9771Px00j00eP3/25fAO2QXn1wDDu825KhaH2Mz9rXzJWS7gblcWF4sp3Yr3k/CNhmegFzHarCpow==",
      "cpu": [
        "arm64"
      ],
      "license": "MIT",
      "optional": true,
      "os": [
        "linux"
      ],
      "engines": {
        "node": ">= 22"
      }
    },
    "node_modules/@alberteinshutoin/lazy-image-linux-x64-gnu": {
      "version": "1.4.3",
      "resolved": "https://registry.npmjs.org/@alberteinshutoin/lazy-image-linux-x64-gnu/-/lazy-image-linux-x64-gnu-1.4.3.tgz",
      "integrity": "sha512-/zEM9N8g2T1wJ6VEiIbXLfJPmfuYQV3NzNKiPCRCJ7UqnGjZcYCAyPSZxNgs4NWocvrKAON72l4pionbsPosVg==",
      "cpu": [
        "x64"
      ],
      "license": "MIT",
      "optional": true,
      "os": [
        "linux"
      ],
      "engines": {
        "node": ">= 22"
      }
    },
    "node_modules/@alberteinshutoin/lazy-image-linux-x64-musl": {
      "version": "1.4.3",
      "resolved": "https://registry.npmjs.org/@alberteinshutoin/lazy-image-linux-x64-musl/-/lazy-image-linux-x64-musl-1.4.3.tgz",
      "integrity": "sha512-sq6juqB6v3g56G4Ycxh4aFUOrm+3KmQ/NdyFBxd0fmFfcMWQNBt4kKCH1dCoK28S4bYuLs259c8Di0aXdm7IiQ==",
      "cpu": [
        "x64"
      ],
      "license": "MIT",
      "optional": true,
      "os": [
        "linux"
      ],
      "engines": {
        "node": ">= 22"
      }
    },
    "node_modules/@alberteinshutoin/lazy-image-win32-x64-msvc": {
      "version": "1.4.3",
      "resolved": "https://registry.npmjs.org/@alberteinshutoin/lazy-image-win32-x64-msvc/-/lazy-image-win32-x64-msvc-1.4.3.tgz",
      "integrity": "sha512-dD8lDE8oiZROQ3RENBLtoM4FHt6iFGwMmfJWUmLEl3XAOAv7ACiGOv0kYMkOr75o38wzEY2fukyg5AC5uhlRoQ==",
      "cpu": [
        "x64"
      ],
      "license": "MIT",
      "optional": true,
      "os": [
        "win32"
      ],
      "engines": {
        "node": ">= 22"
      }
    }
  }
}
