{
  "name": "@alberteinshutoin/lazy-image",
  "version": "0.7.7",
  "lockfileVersion": 3,
  "requires": true,
  "packages": {
    "": {
      "name": "@alberteinshutoin/lazy-image",
      "version": "0.7.7",
      "license": "MIT",
      "devDependencies": {
        "@napi-rs/cli": "^2.18.0"
      },
      "engines": {
        "node": ">= 18"
      },
      "optionalDependencies": {
        "@alberteinshutoin/lazy-image-darwin-arm64": "0.7.7",
        "@alberteinshutoin/lazy-image-darwin-x64": "0.7.7",
        "@alberteinshutoin/lazy-image-linux-x64-gnu": "0.7.7",
        "@alberteinshutoin/lazy-image-linux-x64-musl": "0.7.7",
        "@alberteinshutoin/lazy-image-win32-x64-msvc": "0.7.7"
      }
    },
    "node_modules/@alberteinshutoin/lazy-image-darwin-arm64": {
      "version": "0.7.7",
      "resolved": "https://registry.npmjs.org/@alberteinshutoin/lazy-image-darwin-arm64/-/lazy-image-darwin-arm64-0.7.7.tgz",
      "integrity": "sha512-sN5LCYrpGfw9I9ZP4s6C92wgpjCx/sj0GmDGJmi+M5B+irMhw41FiYXaStPMohATsTG6nuDx7kmig9vlfO0Fog==",
      "cpu": [
        "arm64"
      ],
      "license": "MIT",
      "optional": true,
      "os": [
        "darwin"
      ],
      "engines": {
        "node": ">= 18"
      }
    },
    "node_modules/@alberteinshutoin/lazy-image-darwin-x64": {
      "version": "0.7.7",
      "resolved": "https://registry.npmjs.org/@alberteinshutoin/lazy-image-darwin-x64/-/lazy-image-darwin-x64-0.7.7.tgz",
      "integrity": "sha512-X0VEJ/afVdp09K9j4LFx7vnGeJXs3UQi6kpDklW7/RsfrF7CMOlU4Tjrl7bg8AJaJL+PpTPnZ+s9s8YC3vOkdg==",
      "cpu": [
        "x64"
      ],
      "license": "MIT",
      "optional": true,
      "os": [
        "darwin"
      ],
      "engines": {
        "node": ">= 18"
      }
    },
    "node_modules/@alberteinshutoin/lazy-image-linux-x64-gnu": {
      "version": "0.7.7",
      "resolved": "https://registry.npmjs.org/@alberteinshutoin/lazy-image-linux-x64-gnu/-/lazy-image-linux-x64-gnu-0.7.7.tgz",
      "integrity": "sha512-JBTadV2vLPG7mZoAuVueY3tRhLV7W+x05HlucBak+Hnt+m+ONMCEDQZb5/Ets4MVbRR3W8zpsMvXXePx2plHHQ==",
      "cpu": [
        "x64"
      ],
      "license": "MIT",
      "optional": true,
      "os": [
        "linux"
      ],
      "engines": {
        "node": ">= 18"
      }
    },
    "node_modules/@alberteinshutoin/lazy-image-linux-x64-musl": {
      "version": "0.7.7",
      "resolved": "https://registry.npmjs.org/@alberteinshutoin/lazy-image-linux-x64-musl/-/lazy-image-linux-x64-musl-0.7.7.tgz",
      "integrity": "sha512-2YvGPrJqINGiM+IncAWG9EYpw0akMpuoQHL2y7axx0PUAcQacEPUYQMDmWlzBHmyh6YmCtq4+AHNOXx0PgvepQ==",
      "cpu": [
        "x64"
      ],
      "license": "MIT",
      "optional": true,
      "os": [
        "linux"
      ],
      "engines": {
        "node": ">= 18"
      }
    },
    "node_modules/@alberteinshutoin/lazy-image-win32-x64-msvc": {
      "version": "0.7.7",
      "resolved": "https://registry.npmjs.org/@alberteinshutoin/lazy-image-win32-x64-msvc/-/lazy-image-win32-x64-msvc-0.7.7.tgz",
      "integrity": "sha512-zfHDTKvz+7WBr+o4ISNVAUmhMM9XF/rht7wJZ67pgJ2yNJ5QODE4FuQ+5wp365bWwU7C4gy5qaXO/7XUhf2JUA==",
      "cpu": [
        "x64"
      ],
      "license": "MIT",
      "optional": true,
      "os": [
        "win32"
      ],
      "engines": {
        "node": ">= 18"
      }
    },
    "node_modules/@napi-rs/cli": {
      "version": "2.18.4",
      "resolved": "https://registry.npmjs.org/@napi-rs/cli/-/cli-2.18.4.tgz",
      "integrity": "sha512-SgJeA4df9DE2iAEpr3M2H0OKl/yjtg1BnRI5/JyowS71tUWhrfSu2LT0V3vlHET+g1hBVlrO60PmEXwUEKp8Mg==",
      "dev": true,
      "license": "MIT",
      "bin": {
        "napi": "scripts/index.js"
      },
      "engines": {
        "node": ">= 10"
      },
      "funding": {
        "type": "github",
        "url": "https://github.com/sponsors/Brooooooklyn"
      }
    }
  }
}
