{
  "name": "@alberteinshutoin/lazy-image",
  "version": "0.7.8",
  "lockfileVersion": 3,
  "requires": true,
  "packages": {
    "": {
      "name": "@alberteinshutoin/lazy-image",
      "version": "0.7.8",
      "license": "MIT",
      "devDependencies": {
        "@napi-rs/cli": "^2.18.0"
      },
      "engines": {
        "node": ">= 18"
      },
      "optionalDependencies": {
        "@alberteinshutoin/lazy-image-darwin-arm64": "0.7.8",
        "@alberteinshutoin/lazy-image-darwin-x64": "0.7.8",
        "@alberteinshutoin/lazy-image-linux-x64-gnu": "0.7.8",
        "@alberteinshutoin/lazy-image-linux-x64-musl": "0.7.8",
        "@alberteinshutoin/lazy-image-win32-x64-msvc": "0.7.8"
      }
    },
    "node_modules/@alberteinshutoin/lazy-image-darwin-arm64": {
      "version": "0.7.8",
      "resolved": "https://registry.npmjs.org/@alberteinshutoin/lazy-image-darwin-arm64/-/lazy-image-darwin-arm64-0.7.8.tgz",
      "integrity": "sha512-f2VN459x7To4UlH9GTAZQKNcyeY1WqdYn5mLyt+UP49mVumTUYVL0Li9Wrf+PV944tvzs+JkPTiS8DDxTES6KQ==",
      "cpu": [
        "arm64"
      ],
      "license": "MIT",
      "optional": true,
      "os": [
        "darwin"
      ],
      "engines": {
        "node": ">= 18"
      }
    },
    "node_modules/@alberteinshutoin/lazy-image-darwin-x64": {
      "version": "0.7.8",
      "resolved": "https://registry.npmjs.org/@alberteinshutoin/lazy-image-darwin-x64/-/lazy-image-darwin-x64-0.7.8.tgz",
      "integrity": "sha512-nW0A76RtaASq78av1p4+5EchXFViBXodlkvqDfjuICJP2qaZfDOdDuDSL9oSqz/sBGnJfgWVDTSmt6YCLL1pTg==",
      "cpu": [
        "x64"
      ],
      "license": "MIT",
      "optional": true,
      "os": [
        "darwin"
      ],
      "engines": {
        "node": ">= 18"
      }
    },
    "node_modules/@alberteinshutoin/lazy-image-linux-x64-gnu": {
      "version": "0.7.8",
      "resolved": "https://registry.npmjs.org/@alberteinshutoin/lazy-image-linux-x64-gnu/-/lazy-image-linux-x64-gnu-0.7.8.tgz",
      "integrity": "sha512-/QrPI+9i5l0PyRsIzb4QZeYeM/1pxlPTB39vqkzsrX+8cLyQwljbxexmRKqrRiffbm01Wq+RItiGOSrlDSHvXw==",
      "cpu": [
        "x64"
      ],
      "license": "MIT",
      "optional": true,
      "os": [
        "linux"
      ],
      "engines": {
        "node": ">= 18"
      }
    },
    "node_modules/@alberteinshutoin/lazy-image-linux-x64-musl": {
      "version": "0.7.8",
      "resolved": "https://registry.npmjs.org/@alberteinshutoin/lazy-image-linux-x64-musl/-/lazy-image-linux-x64-musl-0.7.8.tgz",
      "integrity": "sha512-HQ8l+wOxM5JCxA72iRZakogvn7zTm3jpI0UHKUKEQ+elLg/VnCXqiO+so0xbn51qac5auUnmpgAP9eIRMG01xQ==",
      "cpu": [
        "x64"
      ],
      "license": "MIT",
      "optional": true,
      "os": [
        "linux"
      ],
      "engines": {
        "node": ">= 18"
      }
    },
    "node_modules/@alberteinshutoin/lazy-image-win32-x64-msvc": {
      "version": "0.7.8",
      "resolved": "https://registry.npmjs.org/@alberteinshutoin/lazy-image-win32-x64-msvc/-/lazy-image-win32-x64-msvc-0.7.8.tgz",
      "integrity": "sha512-6xKdzBWgOis/xWavBj+hIPiqiI3eKwy9fET7Pk1YF0IEbDabChFuXCrQb0eUgbyIRwa74NQQqXY1LfadO3ejEg==",
      "cpu": [
        "x64"
      ],
      "license": "MIT",
      "optional": true,
      "os": [
        "win32"
      ],
      "engines": {
        "node": ">= 18"
      }
    },
    "node_modules/@napi-rs/cli": {
      "version": "2.18.4",
      "resolved": "https://registry.npmjs.org/@napi-rs/cli/-/cli-2.18.4.tgz",
      "integrity": "sha512-SgJeA4df9DE2iAEpr3M2H0OKl/yjtg1BnRI5/JyowS71tUWhrfSu2LT0V3vlHET+g1hBVlrO60PmEXwUEKp8Mg==",
      "dev": true,
      "license": "MIT",
      "bin": {
        "napi": "scripts/index.js"
      },
      "engines": {
        "node": ">= 10"
      },
      "funding": {
        "type": "github",
        "url": "https://github.com/sponsors/Brooooooklyn"
      }
    }
  }
}
